// !$*UTF8*$!
{
	archiveVersion = 1;
	classes = {
	};
	objectVersion = 46;
	objects = {

/* Begin PBXBuildFile section */
		34624E7E9D8C488C90D98C84 /* libPods.a in Frameworks */ = {isa = PBXBuildFile; fileRef = E82B256FD68644899B704666 /* libPods.a */; };
		8B1FCDA018846A1B009CEB25 /* ViewController.m in Sources */ = {isa = PBXBuildFile; fileRef = 8B1FCD9F18846A1B009CEB25 /* ViewController.m */; };
		8B1FCDA61884726A009CEB25 /* SignUpViewController.m in Sources */ = {isa = PBXBuildFile; fileRef = 8B1FCDA51884726A009CEB25 /* SignUpViewController.m */; };
		8B1FCDAC1884817B009CEB25 /* SettingsViewController.m in Sources */ = {isa = PBXBuildFile; fileRef = 8B1FCDAB1884817B009CEB25 /* SettingsViewController.m */; };
		8B30736E18854396003372B8 /* DailyDareViewController.m in Sources */ = {isa = PBXBuildFile; fileRef = 8B30736D18854396003372B8 /* DailyDareViewController.m */; };
		8B30737118854458003372B8 /* DailyDareInfoViewController.m in Sources */ = {isa = PBXBuildFile; fileRef = 8B30737018854458003372B8 /* DailyDareInfoViewController.m */; };
		8B30737418854557003372B8 /* StatisticsViewController.m in Sources */ = {isa = PBXBuildFile; fileRef = 8B30737318854557003372B8 /* StatisticsViewController.m */; };
		8B30737A18856C2F003372B8 /* InfoPageContentViewController.m in Sources */ = {isa = PBXBuildFile; fileRef = 8B30737918856C2F003372B8 /* InfoPageContentViewController.m */; };
		8B3073851885A185003372B8 /* PasswordResetViewController.m in Sources */ = {isa = PBXBuildFile; fileRef = 8B3073841885A185003372B8 /* PasswordResetViewController.m */; };
		8B30738F1885D0A1003372B8 /* UIColor+Additions.m in Sources */ = {isa = PBXBuildFile; fileRef = 8B30738E1885D0A1003372B8 /* UIColor+Additions.m */; };
		8B7CFDCA1883FFAD00FE6A38 /* Option.m in Sources */ = {isa = PBXBuildFile; fileRef = 8B7CFDC91883FFAD00FE6A38 /* Option.m */; };
		8BBC81A418802D1C004E9883 /* Foundation.framework in Frameworks */ = {isa = PBXBuildFile; fileRef = 8BBC81A318802D1C004E9883 /* Foundation.framework */; };
		8BBC81A618802D1C004E9883 /* CoreGraphics.framework in Frameworks */ = {isa = PBXBuildFile; fileRef = 8BBC81A518802D1C004E9883 /* CoreGraphics.framework */; };
		8BBC81A818802D1C004E9883 /* UIKit.framework in Frameworks */ = {isa = PBXBuildFile; fileRef = 8BBC81A718802D1C004E9883 /* UIKit.framework */; };
		8BBC81AE18802D1C004E9883 /* InfoPlist.strings in Resources */ = {isa = PBXBuildFile; fileRef = 8BBC81AC18802D1C004E9883 /* InfoPlist.strings */; };
		8BBC81B018802D1C004E9883 /* main.m in Sources */ = {isa = PBXBuildFile; fileRef = 8BBC81AF18802D1C004E9883 /* main.m */; };
		8BBC81B418802D1C004E9883 /* AppDelegate.m in Sources */ = {isa = PBXBuildFile; fileRef = 8BBC81B318802D1C004E9883 /* AppDelegate.m */; };
		8BBC81B718802D1C004E9883 /* Main.storyboard in Resources */ = {isa = PBXBuildFile; fileRef = 8BBC81B518802D1C004E9883 /* Main.storyboard */; };
		8BBC81BC18802D1C004E9883 /* Images.xcassets in Resources */ = {isa = PBXBuildFile; fileRef = 8BBC81BB18802D1C004E9883 /* Images.xcassets */; };
		8BBC81C318802D1C004E9883 /* XCTest.framework in Frameworks */ = {isa = PBXBuildFile; fileRef = 8BBC81C218802D1C004E9883 /* XCTest.framework */; };
		8BBC81C418802D1C004E9883 /* Foundation.framework in Frameworks */ = {isa = PBXBuildFile; fileRef = 8BBC81A318802D1C004E9883 /* Foundation.framework */; };
		8BBC81C518802D1C004E9883 /* UIKit.framework in Frameworks */ = {isa = PBXBuildFile; fileRef = 8BBC81A718802D1C004E9883 /* UIKit.framework */; };
		8BBC81CD18802D1C004E9883 /* InfoPlist.strings in Resources */ = {isa = PBXBuildFile; fileRef = 8BBC81CB18802D1C004E9883 /* InfoPlist.strings */; };
		8BBC81CF18802D1C004E9883 /* RememberTests.m in Sources */ = {isa = PBXBuildFile; fileRef = 8BBC81CE18802D1C004E9883 /* RememberTests.m */; };
		8BBC81DB18803559004E9883 /* FirstViewController.m in Sources */ = {isa = PBXBuildFile; fileRef = 8BBC81DA18803559004E9883 /* FirstViewController.m */; };
		8BBC81DE1880404B004E9883 /* InformationViewController.m in Sources */ = {isa = PBXBuildFile; fileRef = 8BBC81DD1880404B004E9883 /* InformationViewController.m */; };
		8BBC81E41880602E004E9883 /* SelectionViewController.m in Sources */ = {isa = PBXBuildFile; fileRef = 8BBC81E31880602E004E9883 /* SelectionViewController.m */; };
		8BBC81E7188283B6004E9883 /* HubViewController.m in Sources */ = {isa = PBXBuildFile; fileRef = 8BBC81E6188283B6004E9883 /* HubViewController.m */; };
		8BBC81EA1882A87A004E9883 /* Model.xcdatamodeld in Sources */ = {isa = PBXBuildFile; fileRef = 8BBC81E81882A87A004E9883 /* Model.xcdatamodeld */; };
		8BBC81EC1882D69A004E9883 /* Parse.framework in Frameworks */ = {isa = PBXBuildFile; fileRef = 8BBC81EB1882D69A004E9883 /* Parse.framework */; };
		8BBC81EE1882D6D9004E9883 /* AudioToolbox.framework in Frameworks */ = {isa = PBXBuildFile; fileRef = 8BBC81ED1882D6D9004E9883 /* AudioToolbox.framework */; };
		8BBC81F01882D6DF004E9883 /* CFNetwork.framework in Frameworks */ = {isa = PBXBuildFile; fileRef = 8BBC81EF1882D6DF004E9883 /* CFNetwork.framework */; };
		8BBC81F21882D6EB004E9883 /* CoreLocation.framework in Frameworks */ = {isa = PBXBuildFile; fileRef = 8BBC81F11882D6EB004E9883 /* CoreLocation.framework */; };
		8BBC81F41882D6F5004E9883 /* libz.1.1.3.dylib in Frameworks */ = {isa = PBXBuildFile; fileRef = 8BBC81F31882D6F5004E9883 /* libz.1.1.3.dylib */; };
		8BBC81F61882D6FC004E9883 /* MobileCoreServices.framework in Frameworks */ = {isa = PBXBuildFile; fileRef = 8BBC81F51882D6FC004E9883 /* MobileCoreServices.framework */; };
		8BBC81F81882D702004E9883 /* QuartzCore.framework in Frameworks */ = {isa = PBXBuildFile; fileRef = 8BBC81F71882D702004E9883 /* QuartzCore.framework */; };
		8BBC81FA1882D707004E9883 /* Security.framework in Frameworks */ = {isa = PBXBuildFile; fileRef = 8BBC81F91882D707004E9883 /* Security.framework */; };
		8BBC81FC1882D70C004E9883 /* StoreKit.framework in Frameworks */ = {isa = PBXBuildFile; fileRef = 8BBC81FB1882D70C004E9883 /* StoreKit.framework */; };
		8BBC81FE1882D713004E9883 /* SystemConfiguration.framework in Frameworks */ = {isa = PBXBuildFile; fileRef = 8BBC81FD1882D713004E9883 /* SystemConfiguration.framework */; };
/* End PBXBuildFile section */

/* Begin PBXContainerItemProxy section */
		8BBC81C618802D1C004E9883 /* PBXContainerItemProxy */ = {
			isa = PBXContainerItemProxy;
			containerPortal = 8BBC819818802D1C004E9883 /* Project object */;
			proxyType = 1;
			remoteGlobalIDString = 8BBC819F18802D1C004E9883;
			remoteInfo = Remember;
		};
/* End PBXContainerItemProxy section */

/* Begin PBXFileReference section */
		8B1FCD9E18846A1B009CEB25 /* ViewController.h */ = {isa = PBXFileReference; fileEncoding = 4; lastKnownFileType = sourcecode.c.h; path = ViewController.h; sourceTree = "<group>"; };
		8B1FCD9F18846A1B009CEB25 /* ViewController.m */ = {isa = PBXFileReference; fileEncoding = 4; lastKnownFileType = sourcecode.c.objc; path = ViewController.m; sourceTree = "<group>"; };
		8B1FCDA41884726A009CEB25 /* SignUpViewController.h */ = {isa = PBXFileReference; fileEncoding = 4; lastKnownFileType = sourcecode.c.h; path = SignUpViewController.h; sourceTree = "<group>"; };
		8B1FCDA51884726A009CEB25 /* SignUpViewController.m */ = {isa = PBXFileReference; fileEncoding = 4; lastKnownFileType = sourcecode.c.objc; path = SignUpViewController.m; sourceTree = "<group>"; };
		8B1FCDAA1884817B009CEB25 /* SettingsViewController.h */ = {isa = PBXFileReference; fileEncoding = 4; lastKnownFileType = sourcecode.c.h; path = SettingsViewController.h; sourceTree = "<group>"; };
		8B1FCDAB1884817B009CEB25 /* SettingsViewController.m */ = {isa = PBXFileReference; fileEncoding = 4; lastKnownFileType = sourcecode.c.objc; path = SettingsViewController.m; sourceTree = "<group>"; };
		8B30736C18854396003372B8 /* DailyDareViewController.h */ = {isa = PBXFileReference; fileEncoding = 4; lastKnownFileType = sourcecode.c.h; path = DailyDareViewController.h; sourceTree = "<group>"; };
		8B30736D18854396003372B8 /* DailyDareViewController.m */ = {isa = PBXFileReference; fileEncoding = 4; lastKnownFileType = sourcecode.c.objc; path = DailyDareViewController.m; sourceTree = "<group>"; };
		8B30736F18854458003372B8 /* DailyDareInfoViewController.h */ = {isa = PBXFileReference; fileEncoding = 4; lastKnownFileType = sourcecode.c.h; path = DailyDareInfoViewController.h; sourceTree = "<group>"; };
		8B30737018854458003372B8 /* DailyDareInfoViewController.m */ = {isa = PBXFileReference; fileEncoding = 4; lastKnownFileType = sourcecode.c.objc; path = DailyDareInfoViewController.m; sourceTree = "<group>"; };
		8B30737218854557003372B8 /* StatisticsViewController.h */ = {isa = PBXFileReference; fileEncoding = 4; lastKnownFileType = sourcecode.c.h; path = StatisticsViewController.h; sourceTree = "<group>"; };
		8B30737318854557003372B8 /* StatisticsViewController.m */ = {isa = PBXFileReference; fileEncoding = 4; lastKnownFileType = sourcecode.c.objc; path = StatisticsViewController.m; sourceTree = "<group>"; };
		8B30737818856C2F003372B8 /* InfoPageContentViewController.h */ = {isa = PBXFileReference; fileEncoding = 4; lastKnownFileType = sourcecode.c.h; path = InfoPageContentViewController.h; sourceTree = "<group>"; };
		8B30737918856C2F003372B8 /* InfoPageContentViewController.m */ = {isa = PBXFileReference; fileEncoding = 4; lastKnownFileType = sourcecode.c.objc; path = InfoPageContentViewController.m; sourceTree = "<group>"; };
		8B3073831885A185003372B8 /* PasswordResetViewController.h */ = {isa = PBXFileReference; fileEncoding = 4; lastKnownFileType = sourcecode.c.h; path = PasswordResetViewController.h; sourceTree = "<group>"; };
		8B3073841885A185003372B8 /* PasswordResetViewController.m */ = {isa = PBXFileReference; fileEncoding = 4; lastKnownFileType = sourcecode.c.objc; path = PasswordResetViewController.m; sourceTree = "<group>"; };
		8B30738D1885D0A1003372B8 /* UIColor+Additions.h */ = {isa = PBXFileReference; fileEncoding = 4; lastKnownFileType = sourcecode.c.h; path = "UIColor+Additions.h"; sourceTree = "<group>"; };
		8B30738E1885D0A1003372B8 /* UIColor+Additions.m */ = {isa = PBXFileReference; fileEncoding = 4; lastKnownFileType = sourcecode.c.objc; path = "UIColor+Additions.m"; sourceTree = "<group>"; };
		8B7CFDC81883FFAD00FE6A38 /* Option.h */ = {isa = PBXFileReference; fileEncoding = 4; lastKnownFileType = sourcecode.c.h; path = Option.h; sourceTree = "<group>"; };
		8B7CFDC91883FFAD00FE6A38 /* Option.m */ = {isa = PBXFileReference; fileEncoding = 4; lastKnownFileType = sourcecode.c.objc; path = Option.m; sourceTree = "<group>"; };
		8BBC81A018802D1C004E9883 /* Remember.app */ = {isa = PBXFileReference; explicitFileType = wrapper.application; includeInIndex = 0; path = Remember.app; sourceTree = BUILT_PRODUCTS_DIR; };
		8BBC81A318802D1C004E9883 /* Foundation.framework */ = {isa = PBXFileReference; lastKnownFileType = wrapper.framework; name = Foundation.framework; path = System/Library/Frameworks/Foundation.framework; sourceTree = SDKROOT; };
		8BBC81A518802D1C004E9883 /* CoreGraphics.framework */ = {isa = PBXFileReference; lastKnownFileType = wrapper.framework; name = CoreGraphics.framework; path = System/Library/Frameworks/CoreGraphics.framework; sourceTree = SDKROOT; };
		8BBC81A718802D1C004E9883 /* UIKit.framework */ = {isa = PBXFileReference; lastKnownFileType = wrapper.framework; name = UIKit.framework; path = System/Library/Frameworks/UIKit.framework; sourceTree = SDKROOT; };
		8BBC81AB18802D1C004E9883 /* Remember-Info.plist */ = {isa = PBXFileReference; lastKnownFileType = text.plist.xml; path = "Remember-Info.plist"; sourceTree = "<group>"; };
		8BBC81AD18802D1C004E9883 /* en */ = {isa = PBXFileReference; lastKnownFileType = text.plist.strings; name = en; path = en.lproj/InfoPlist.strings; sourceTree = "<group>"; };
		8BBC81AF18802D1C004E9883 /* main.m */ = {isa = PBXFileReference; lastKnownFileType = sourcecode.c.objc; path = main.m; sourceTree = "<group>"; };
		8BBC81B118802D1C004E9883 /* Remember-Prefix.pch */ = {isa = PBXFileReference; lastKnownFileType = sourcecode.c.h; path = "Remember-Prefix.pch"; sourceTree = "<group>"; };
		8BBC81B218802D1C004E9883 /* AppDelegate.h */ = {isa = PBXFileReference; lastKnownFileType = sourcecode.c.h; path = AppDelegate.h; sourceTree = "<group>"; };
		8BBC81B318802D1C004E9883 /* AppDelegate.m */ = {isa = PBXFileReference; lastKnownFileType = sourcecode.c.objc; path = AppDelegate.m; sourceTree = "<group>"; };
		8BBC81B618802D1C004E9883 /* Base */ = {isa = PBXFileReference; lastKnownFileType = file.storyboard; name = Base; path = Base.lproj/Main.storyboard; sourceTree = "<group>"; };
		8BBC81BB18802D1C004E9883 /* Images.xcassets */ = {isa = PBXFileReference; lastKnownFileType = folder.assetcatalog; path = Images.xcassets; sourceTree = "<group>"; };
		8BBC81C118802D1C004E9883 /* RememberTests.xctest */ = {isa = PBXFileReference; explicitFileType = wrapper.cfbundle; includeInIndex = 0; path = RememberTests.xctest; sourceTree = BUILT_PRODUCTS_DIR; };
		8BBC81C218802D1C004E9883 /* XCTest.framework */ = {isa = PBXFileReference; lastKnownFileType = wrapper.framework; name = XCTest.framework; path = Library/Frameworks/XCTest.framework; sourceTree = DEVELOPER_DIR; };
		8BBC81CA18802D1C004E9883 /* RememberTests-Info.plist */ = {isa = PBXFileReference; lastKnownFileType = text.plist.xml; path = "RememberTests-Info.plist"; sourceTree = "<group>"; };
		8BBC81CC18802D1C004E9883 /* en */ = {isa = PBXFileReference; lastKnownFileType = text.plist.strings; name = en; path = en.lproj/InfoPlist.strings; sourceTree = "<group>"; };
		8BBC81CE18802D1C004E9883 /* RememberTests.m */ = {isa = PBXFileReference; lastKnownFileType = sourcecode.c.objc; path = RememberTests.m; sourceTree = "<group>"; };
		8BBC81D918803559004E9883 /* FirstViewController.h */ = {isa = PBXFileReference; fileEncoding = 4; lastKnownFileType = sourcecode.c.h; path = FirstViewController.h; sourceTree = "<group>"; };
		8BBC81DA18803559004E9883 /* FirstViewController.m */ = {isa = PBXFileReference; fileEncoding = 4; lastKnownFileType = sourcecode.c.objc; path = FirstViewController.m; sourceTree = "<group>"; };
		8BBC81DC1880404B004E9883 /* InformationViewController.h */ = {isa = PBXFileReference; fileEncoding = 4; lastKnownFileType = sourcecode.c.h; path = InformationViewController.h; sourceTree = "<group>"; };
		8BBC81DD1880404B004E9883 /* InformationViewController.m */ = {isa = PBXFileReference; fileEncoding = 4; lastKnownFileType = sourcecode.c.objc; path = InformationViewController.m; sourceTree = "<group>"; };
		8BBC81E21880602E004E9883 /* SelectionViewController.h */ = {isa = PBXFileReference; fileEncoding = 4; lastKnownFileType = sourcecode.c.h; path = SelectionViewController.h; sourceTree = "<group>"; };
		8BBC81E31880602E004E9883 /* SelectionViewController.m */ = {isa = PBXFileReference; fileEncoding = 4; lastKnownFileType = sourcecode.c.objc; path = SelectionViewController.m; sourceTree = "<group>"; };
		8BBC81E5188283B6004E9883 /* HubViewController.h */ = {isa = PBXFileReference; fileEncoding = 4; lastKnownFileType = sourcecode.c.h; name = HubViewController.h; path = ../HubViewController.h; sourceTree = "<group>"; };
		8BBC81E6188283B6004E9883 /* HubViewController.m */ = {isa = PBXFileReference; fileEncoding = 4; lastKnownFileType = sourcecode.c.objc; name = HubViewController.m; path = ../HubViewController.m; sourceTree = "<group>"; };
		8BBC81E91882A87A004E9883 /* Model.xcdatamodel */ = {isa = PBXFileReference; lastKnownFileType = wrapper.xcdatamodel; path = Model.xcdatamodel; sourceTree = "<group>"; };
		8BBC81EB1882D69A004E9883 /* Parse.framework */ = {isa = PBXFileReference; lastKnownFileType = wrapper.framework; path = Parse.framework; sourceTree = "<group>"; };
		8BBC81ED1882D6D9004E9883 /* AudioToolbox.framework */ = {isa = PBXFileReference; lastKnownFileType = wrapper.framework; name = AudioToolbox.framework; path = System/Library/Frameworks/AudioToolbox.framework; sourceTree = SDKROOT; };
		8BBC81EF1882D6DF004E9883 /* CFNetwork.framework */ = {isa = PBXFileReference; lastKnownFileType = wrapper.framework; name = CFNetwork.framework; path = System/Library/Frameworks/CFNetwork.framework; sourceTree = SDKROOT; };
		8BBC81F11882D6EB004E9883 /* CoreLocation.framework */ = {isa = PBXFileReference; lastKnownFileType = wrapper.framework; name = CoreLocation.framework; path = System/Library/Frameworks/CoreLocation.framework; sourceTree = SDKROOT; };
		8BBC81F31882D6F5004E9883 /* libz.1.1.3.dylib */ = {isa = PBXFileReference; lastKnownFileType = "compiled.mach-o.dylib"; name = libz.1.1.3.dylib; path = usr/lib/libz.1.1.3.dylib; sourceTree = SDKROOT; };
		8BBC81F51882D6FC004E9883 /* MobileCoreServices.framework */ = {isa = PBXFileReference; lastKnownFileType = wrapper.framework; name = MobileCoreServices.framework; path = System/Library/Frameworks/MobileCoreServices.framework; sourceTree = SDKROOT; };
		8BBC81F71882D702004E9883 /* QuartzCore.framework */ = {isa = PBXFileReference; lastKnownFileType = wrapper.framework; name = QuartzCore.framework; path = System/Library/Frameworks/QuartzCore.framework; sourceTree = SDKROOT; };
		8BBC81F91882D707004E9883 /* Security.framework */ = {isa = PBXFileReference; lastKnownFileType = wrapper.framework; name = Security.framework; path = System/Library/Frameworks/Security.framework; sourceTree = SDKROOT; };
		8BBC81FB1882D70C004E9883 /* StoreKit.framework */ = {isa = PBXFileReference; lastKnownFileType = wrapper.framework; name = StoreKit.framework; path = System/Library/Frameworks/StoreKit.framework; sourceTree = SDKROOT; };
		8BBC81FD1882D713004E9883 /* SystemConfiguration.framework */ = {isa = PBXFileReference; lastKnownFileType = wrapper.framework; name = SystemConfiguration.framework; path = System/Library/Frameworks/SystemConfiguration.framework; sourceTree = SDKROOT; };
		E82B256FD68644899B704666 /* libPods.a */ = {isa = PBXFileReference; explicitFileType = archive.ar; includeInIndex = 0; path = libPods.a; sourceTree = BUILT_PRODUCTS_DIR; };
		F79C20440C2A4E2F8FA7DFE6 /* Pods.xcconfig */ = {isa = PBXFileReference; includeInIndex = 1; lastKnownFileType = text.xcconfig; name = Pods.xcconfig; path = Pods/Pods.xcconfig; sourceTree = "<group>"; };
/* End PBXFileReference section */

/* Begin PBXFrameworksBuildPhase section */
		8BBC819D18802D1C004E9883 /* Frameworks */ = {
			isa = PBXFrameworksBuildPhase;
			buildActionMask = 2147483647;
			files = (
				8BBC81FE1882D713004E9883 /* SystemConfiguration.framework in Frameworks */,
				8BBC81FC1882D70C004E9883 /* StoreKit.framework in Frameworks */,
				8BBC81FA1882D707004E9883 /* Security.framework in Frameworks */,
				8BBC81F81882D702004E9883 /* QuartzCore.framework in Frameworks */,
				8BBC81F61882D6FC004E9883 /* MobileCoreServices.framework in Frameworks */,
				8BBC81F41882D6F5004E9883 /* libz.1.1.3.dylib in Frameworks */,
				8BBC81F21882D6EB004E9883 /* CoreLocation.framework in Frameworks */,
				8BBC81A618802D1C004E9883 /* CoreGraphics.framework in Frameworks */,
				8BBC81F01882D6DF004E9883 /* CFNetwork.framework in Frameworks */,
				8BBC81EE1882D6D9004E9883 /* AudioToolbox.framework in Frameworks */,
				8BBC81A818802D1C004E9883 /* UIKit.framework in Frameworks */,
				8BBC81EC1882D69A004E9883 /* Parse.framework in Frameworks */,
				8BBC81A418802D1C004E9883 /* Foundation.framework in Frameworks */,
				34624E7E9D8C488C90D98C84 /* libPods.a in Frameworks */,
			);
			runOnlyForDeploymentPostprocessing = 0;
		};
		8BBC81BE18802D1C004E9883 /* Frameworks */ = {
			isa = PBXFrameworksBuildPhase;
			buildActionMask = 2147483647;
			files = (
				8BBC81C318802D1C004E9883 /* XCTest.framework in Frameworks */,
				8BBC81C518802D1C004E9883 /* UIKit.framework in Frameworks */,
				8BBC81C418802D1C004E9883 /* Foundation.framework in Frameworks */,
			);
			runOnlyForDeploymentPostprocessing = 0;
		};
/* End PBXFrameworksBuildPhase section */

/* Begin PBXGroup section */
		8B1FCD9A188466D3009CEB25 /* ViewControllers */ = {
			isa = PBXGroup;
			children = (
				8B1FCD9E18846A1B009CEB25 /* ViewController.h */,
				8B1FCD9F18846A1B009CEB25 /* ViewController.m */,
				8BBC81E21880602E004E9883 /* SelectionViewController.h */,
				8BBC81E31880602E004E9883 /* SelectionViewController.m */,
				8BBC81E5188283B6004E9883 /* HubViewController.h */,
				8BBC81E6188283B6004E9883 /* HubViewController.m */,
				8BBC81DC1880404B004E9883 /* InformationViewController.h */,
				8BBC81DD1880404B004E9883 /* InformationViewController.m */,
				8BBC81D918803559004E9883 /* FirstViewController.h */,
				8BBC81DA18803559004E9883 /* FirstViewController.m */,
				8BBC81B218802D1C004E9883 /* AppDelegate.h */,
				8BBC81B318802D1C004E9883 /* AppDelegate.m */,
				8B1FCDA41884726A009CEB25 /* SignUpViewController.h */,
				8B1FCDA51884726A009CEB25 /* SignUpViewController.m */,
				8B1FCDAA1884817B009CEB25 /* SettingsViewController.h */,
				8B1FCDAB1884817B009CEB25 /* SettingsViewController.m */,
				8B30736C18854396003372B8 /* DailyDareViewController.h */,
				8B30736D18854396003372B8 /* DailyDareViewController.m */,
				8B30736F18854458003372B8 /* DailyDareInfoViewController.h */,
				8B30737018854458003372B8 /* DailyDareInfoViewController.m */,
				8B30737218854557003372B8 /* StatisticsViewController.h */,
				8B30737318854557003372B8 /* StatisticsViewController.m */,
				8B30737818856C2F003372B8 /* InfoPageContentViewController.h */,
				8B30737918856C2F003372B8 /* InfoPageContentViewController.m */,
				8B3073831885A185003372B8 /* PasswordResetViewController.h */,
				8B3073841885A185003372B8 /* PasswordResetViewController.m */,
			);
			name = ViewControllers;
			sourceTree = "<group>";
		};
		8B3073861885D042003372B8 /* Categories */ = {
			isa = PBXGroup;
			children = (
				8B30738D1885D0A1003372B8 /* UIColor+Additions.h */,
				8B30738E1885D0A1003372B8 /* UIColor+Additions.m */,
			);
			name = Categories;
			sourceTree = "<group>";
		};
		8B7CFDA91883F5E700FE6A38 /* Models */ = {
			isa = PBXGroup;
			children = (
				8B7CFDC81883FFAD00FE6A38 /* Option.h */,
				8B7CFDC91883FFAD00FE6A38 /* Option.m */,
			);
			name = Models;
			path = ..;
			sourceTree = "<group>";
		};
		8BBC819718802D1C004E9883 = {
			isa = PBXGroup;
			children = (
				8BBC81A918802D1C004E9883 /* Remember */,
				8BBC81C818802D1C004E9883 /* RememberTests */,
				8BBC81A218802D1C004E9883 /* Frameworks */,
				8BBC81A118802D1C004E9883 /* Products */,
				F79C20440C2A4E2F8FA7DFE6 /* Pods.xcconfig */,
			);
			sourceTree = "<group>";
		};
		8BBC81A118802D1C004E9883 /* Products */ = {
			isa = PBXGroup;
			children = (
				8BBC81A018802D1C004E9883 /* Remember.app */,
				8BBC81C118802D1C004E9883 /* RememberTests.xctest */,
			);
			name = Products;
			sourceTree = "<group>";
		};
		8BBC81A218802D1C004E9883 /* Frameworks */ = {
			isa = PBXGroup;
			children = (
				8BBC81FD1882D713004E9883 /* SystemConfiguration.framework */,
				8BBC81FB1882D70C004E9883 /* StoreKit.framework */,
				8BBC81F91882D707004E9883 /* Security.framework */,
				8BBC81F71882D702004E9883 /* QuartzCore.framework */,
				8BBC81F51882D6FC004E9883 /* MobileCoreServices.framework */,
				8BBC81F31882D6F5004E9883 /* libz.1.1.3.dylib */,
				8BBC81F11882D6EB004E9883 /* CoreLocation.framework */,
				8BBC81EF1882D6DF004E9883 /* CFNetwork.framework */,
				8BBC81ED1882D6D9004E9883 /* AudioToolbox.framework */,
				8BBC81EB1882D69A004E9883 /* Parse.framework */,
				8BBC81A318802D1C004E9883 /* Foundation.framework */,
				8BBC81A518802D1C004E9883 /* CoreGraphics.framework */,
				8BBC81A718802D1C004E9883 /* UIKit.framework */,
				8BBC81C218802D1C004E9883 /* XCTest.framework */,
				E82B256FD68644899B704666 /* libPods.a */,
			);
			name = Frameworks;
			sourceTree = "<group>";
		};
		8BBC81A918802D1C004E9883 /* Remember */ = {
			isa = PBXGroup;
			children = (
				8B3073861885D042003372B8 /* Categories */,
				8B7CFDA91883F5E700FE6A38 /* Models */,
				8B1FCD9A188466D3009CEB25 /* ViewControllers */,
				8BBC81BB18802D1C004E9883 /* Images.xcassets */,
				8BBC81B518802D1C004E9883 /* Main.storyboard */,
				8BBC81AA18802D1C004E9883 /* Supporting Files */,
			);
			path = Remember;
			sourceTree = "<group>";
		};
		8BBC81AA18802D1C004E9883 /* Supporting Files */ = {
			isa = PBXGroup;
			children = (
				8BBC81E81882A87A004E9883 /* Model.xcdatamodeld */,
				8BBC81AB18802D1C004E9883 /* Remember-Info.plist */,
				8BBC81AC18802D1C004E9883 /* InfoPlist.strings */,
				8BBC81AF18802D1C004E9883 /* main.m */,
				8BBC81B118802D1C004E9883 /* Remember-Prefix.pch */,
			);
			name = "Supporting Files";
			sourceTree = "<group>";
		};
		8BBC81C818802D1C004E9883 /* RememberTests */ = {
			isa = PBXGroup;
			children = (
				8BBC81CE18802D1C004E9883 /* RememberTests.m */,
				8BBC81C918802D1C004E9883 /* Supporting Files */,
			);
			path = RememberTests;
			sourceTree = "<group>";
		};
		8BBC81C918802D1C004E9883 /* Supporting Files */ = {
			isa = PBXGroup;
			children = (
				8BBC81CA18802D1C004E9883 /* RememberTests-Info.plist */,
				8BBC81CB18802D1C004E9883 /* InfoPlist.strings */,
			);
			name = "Supporting Files";
			sourceTree = "<group>";
		};
/* End PBXGroup section */

/* Begin PBXNativeTarget section */
		8BBC819F18802D1C004E9883 /* Remember */ = {
			isa = PBXNativeTarget;
			buildConfigurationList = 8BBC81D218802D1C004E9883 /* Build configuration list for PBXNativeTarget "Remember" */;
			buildPhases = (
				7D718ADE248E4E77B93FB96F /* Check Pods Manifest.lock */,
				8BBC819C18802D1C004E9883 /* Sources */,
				8BBC819D18802D1C004E9883 /* Frameworks */,
				8BBC819E18802D1C004E9883 /* Resources */,
				69E6CE0918BC445994935FE2 /* Copy Pods Resources */,
			);
			buildRules = (
			);
			dependencies = (
			);
			name = Remember;
			productName = Remember;
			productReference = 8BBC81A018802D1C004E9883 /* Remember.app */;
			productType = "com.apple.product-type.application";
		};
		8BBC81C018802D1C004E9883 /* RememberTests */ = {
			isa = PBXNativeTarget;
			buildConfigurationList = 8BBC81D518802D1C004E9883 /* Build configuration list for PBXNativeTarget "RememberTests" */;
			buildPhases = (
				8BBC81BD18802D1C004E9883 /* Sources */,
				8BBC81BE18802D1C004E9883 /* Frameworks */,
				8BBC81BF18802D1C004E9883 /* Resources */,
			);
			buildRules = (
			);
			dependencies = (
				8BBC81C718802D1C004E9883 /* PBXTargetDependency */,
			);
			name = RememberTests;
			productName = RememberTests;
			productReference = 8BBC81C118802D1C004E9883 /* RememberTests.xctest */;
			productType = "com.apple.product-type.bundle.unit-test";
		};
/* End PBXNativeTarget section */

/* Begin PBXProject section */
		8BBC819818802D1C004E9883 /* Project object */ = {
			isa = PBXProject;
			attributes = {
				LastUpgradeCheck = 0500;
				ORGANIZATIONNAME = "Lea Marolt Sonnenschein";
				TargetAttributes = {
					8BBC81C018802D1C004E9883 = {
						TestTargetID = 8BBC819F18802D1C004E9883;
					};
				};
			};
			buildConfigurationList = 8BBC819B18802D1C004E9883 /* Build configuration list for PBXProject "Remember" */;
			compatibilityVersion = "Xcode 3.2";
			developmentRegion = English;
			hasScannedForEncodings = 0;
			knownRegions = (
				en,
				Base,
			);
			mainGroup = 8BBC819718802D1C004E9883;
			productRefGroup = 8BBC81A118802D1C004E9883 /* Products */;
			projectDirPath = "";
			projectRoot = "";
			targets = (
				8BBC819F18802D1C004E9883 /* Remember */,
				8BBC81C018802D1C004E9883 /* RememberTests */,
			);
		};
/* End PBXProject section */

/* Begin PBXResourcesBuildPhase section */
		8BBC819E18802D1C004E9883 /* Resources */ = {
			isa = PBXResourcesBuildPhase;
			buildActionMask = 2147483647;
			files = (
				8BBC81BC18802D1C004E9883 /* Images.xcassets in Resources */,
				8BBC81AE18802D1C004E9883 /* InfoPlist.strings in Resources */,
				8BBC81B718802D1C004E9883 /* Main.storyboard in Resources */,
			);
			runOnlyForDeploymentPostprocessing = 0;
		};
		8BBC81BF18802D1C004E9883 /* Resources */ = {
			isa = PBXResourcesBuildPhase;
			buildActionMask = 2147483647;
			files = (
				8BBC81CD18802D1C004E9883 /* InfoPlist.strings in Resources */,
			);
			runOnlyForDeploymentPostprocessing = 0;
		};
/* End PBXResourcesBuildPhase section */

/* Begin PBXShellScriptBuildPhase section */
		69E6CE0918BC445994935FE2 /* Copy Pods Resources */ = {
			isa = PBXShellScriptBuildPhase;
			buildActionMask = 2147483647;
			files = (
			);
			inputPaths = (
			);
			name = "Copy Pods Resources";
			outputPaths = (
			);
			runOnlyForDeploymentPostprocessing = 0;
			shellPath = /bin/sh;
			shellScript = "\"${SRCROOT}/Pods/Pods-resources.sh\"\n";
			showEnvVarsInLog = 0;
		};
		7D718ADE248E4E77B93FB96F /* Check Pods Manifest.lock */ = {
			isa = PBXShellScriptBuildPhase;
			buildActionMask = 2147483647;
			files = (
			);
			inputPaths = (
			);
			name = "Check Pods Manifest.lock";
			outputPaths = (
			);
			runOnlyForDeploymentPostprocessing = 0;
			shellPath = /bin/sh;
			shellScript = "diff \"${PODS_ROOT}/../Podfile.lock\" \"${PODS_ROOT}/Manifest.lock\" > /dev/null\nif [[ $? != 0 ]] ; then\n    cat << EOM\nerror: The sandbox is not in sync with the Podfile.lock. Run 'pod install' or update your CocoaPods installation.\nEOM\n    exit 1\nfi\n";
			showEnvVarsInLog = 0;
		};
/* End PBXShellScriptBuildPhase section */

/* Begin PBXSourcesBuildPhase section */
		8BBC819C18802D1C004E9883 /* Sources */ = {
			isa = PBXSourcesBuildPhase;
			buildActionMask = 2147483647;
			files = (
				8BBC81DE1880404B004E9883 /* InformationViewController.m in Sources */,
				8B7CFDCA1883FFAD00FE6A38 /* Option.m in Sources */,
				8B30737A18856C2F003372B8 /* InfoPageContentViewController.m in Sources */,
				8B1FCDA61884726A009CEB25 /* SignUpViewController.m in Sources */,
				8B30737418854557003372B8 /* StatisticsViewController.m in Sources */,
				8B1FCDAC1884817B009CEB25 /* SettingsViewController.m in Sources */,
				8BBC81B418802D1C004E9883 /* AppDelegate.m in Sources */,
				8B1FCDA018846A1B009CEB25 /* ViewController.m in Sources */,
				8B30738F1885D0A1003372B8 /* UIColor+Additions.m in Sources */,
				8BBC81E7188283B6004E9883 /* HubViewController.m in Sources */,
				8BBC81EA1882A87A004E9883 /* Model.xcdatamodeld in Sources */,
				8BBC81B018802D1C004E9883 /* main.m in Sources */,
				8B30737118854458003372B8 /* DailyDareInfoViewController.m in Sources */,
				8B30736E18854396003372B8 /* DailyDareViewController.m in Sources */,
				8B3073851885A185003372B8 /* PasswordResetViewController.m in Sources */,
				8BBC81DB18803559004E9883 /* FirstViewController.m in Sources */,
				8BBC81E41880602E004E9883 /* SelectionViewController.m in Sources */,
			);
			runOnlyForDeploymentPostprocessing = 0;
		};
		8BBC81BD18802D1C004E9883 /* Sources */ = {
			isa = PBXSourcesBuildPhase;
			buildActionMask = 2147483647;
			files = (
				8BBC81CF18802D1C004E9883 /* RememberTests.m in Sources */,
			);
			runOnlyForDeploymentPostprocessing = 0;
		};
/* End PBXSourcesBuildPhase section */

/* Begin PBXTargetDependency section */
		8BBC81C718802D1C004E9883 /* PBXTargetDependency */ = {
			isa = PBXTargetDependency;
			target = 8BBC819F18802D1C004E9883 /* Remember */;
			targetProxy = 8BBC81C618802D1C004E9883 /* PBXContainerItemProxy */;
		};
/* End PBXTargetDependency section */

/* Begin PBXVariantGroup section */
		8BBC81AC18802D1C004E9883 /* InfoPlist.strings */ = {
			isa = PBXVariantGroup;
			children = (
				8BBC81AD18802D1C004E9883 /* en */,
			);
			name = InfoPlist.strings;
			sourceTree = "<group>";
		};
		8BBC81B518802D1C004E9883 /* Main.storyboard */ = {
			isa = PBXVariantGroup;
			children = (
				8BBC81B618802D1C004E9883 /* Base */,
			);
			name = Main.storyboard;
			sourceTree = "<group>";
		};
		8BBC81CB18802D1C004E9883 /* InfoPlist.strings */ = {
			isa = PBXVariantGroup;
			children = (
				8BBC81CC18802D1C004E9883 /* en */,
			);
			name = InfoPlist.strings;
			sourceTree = "<group>";
		};
/* End PBXVariantGroup section */

/* Begin XCBuildConfiguration section */
		8BBC81D018802D1C004E9883 /* Debug */ = {
			isa = XCBuildConfiguration;
			buildSettings = {
				ALWAYS_SEARCH_USER_PATHS = NO;
				ARCHS = "$(ARCHS_STANDARD_INCLUDING_64_BIT)";
				CLANG_CXX_LANGUAGE_STANDARD = "gnu++0x";
				CLANG_CXX_LIBRARY = "libc++";
				CLANG_ENABLE_MODULES = YES;
				CLANG_ENABLE_OBJC_ARC = YES;
				CLANG_WARN_BOOL_CONVERSION = YES;
				CLANG_WARN_CONSTANT_CONVERSION = YES;
				CLANG_WARN_DIRECT_OBJC_ISA_USAGE = YES_ERROR;
				CLANG_WARN_EMPTY_BODY = YES;
				CLANG_WARN_ENUM_CONVERSION = YES;
				CLANG_WARN_INT_CONVERSION = YES;
				CLANG_WARN_OBJC_ROOT_CLASS = YES_ERROR;
				CLANG_WARN__DUPLICATE_METHOD_MATCH = YES;
				"CODE_SIGN_IDENTITY[sdk=iphoneos*]" = "iPhone Developer";
				COPY_PHASE_STRIP = NO;
				GCC_C_LANGUAGE_STANDARD = gnu99;
				GCC_DYNAMIC_NO_PIC = NO;
				GCC_OPTIMIZATION_LEVEL = 0;
				GCC_PREPROCESSOR_DEFINITIONS = (
					"DEBUG=1",
					"$(inherited)",
				);
				GCC_SYMBOLS_PRIVATE_EXTERN = NO;
				GCC_WARN_64_TO_32_BIT_CONVERSION = YES;
				GCC_WARN_ABOUT_RETURN_TYPE = YES_ERROR;
				GCC_WARN_UNDECLARED_SELECTOR = YES;
				GCC_WARN_UNINITIALIZED_AUTOS = YES;
				GCC_WARN_UNUSED_FUNCTION = YES;
				GCC_WARN_UNUSED_VARIABLE = YES;
				IPHONEOS_DEPLOYMENT_TARGET = 7.0;
				ONLY_ACTIVE_ARCH = YES;
				SDKROOT = iphoneos;
			};
			name = Debug;
		};
		8BBC81D118802D1C004E9883 /* Release */ = {
			isa = XCBuildConfiguration;
			buildSettings = {
				ALWAYS_SEARCH_USER_PATHS = NO;
				ARCHS = "$(ARCHS_STANDARD_INCLUDING_64_BIT)";
				CLANG_CXX_LANGUAGE_STANDARD = "gnu++0x";
				CLANG_CXX_LIBRARY = "libc++";
				CLANG_ENABLE_MODULES = YES;
				CLANG_ENABLE_OBJC_ARC = YES;
				CLANG_WARN_BOOL_CONVERSION = YES;
				CLANG_WARN_CONSTANT_CONVERSION = YES;
				CLANG_WARN_DIRECT_OBJC_ISA_USAGE = YES_ERROR;
				CLANG_WARN_EMPTY_BODY = YES;
				CLANG_WARN_ENUM_CONVERSION = YES;
				CLANG_WARN_INT_CONVERSION = YES;
				CLANG_WARN_OBJC_ROOT_CLASS = YES_ERROR;
				CLANG_WARN__DUPLICATE_METHOD_MATCH = YES;
				"CODE_SIGN_IDENTITY[sdk=iphoneos*]" = "iPhone Developer";
				COPY_PHASE_STRIP = YES;
				ENABLE_NS_ASSERTIONS = NO;
				GCC_C_LANGUAGE_STANDARD = gnu99;
				GCC_WARN_64_TO_32_BIT_CONVERSION = YES;
				GCC_WARN_ABOUT_RETURN_TYPE = YES_ERROR;
				GCC_WARN_UNDECLARED_SELECTOR = YES;
				GCC_WARN_UNINITIALIZED_AUTOS = YES;
				GCC_WARN_UNUSED_FUNCTION = YES;
				GCC_WARN_UNUSED_VARIABLE = YES;
				IPHONEOS_DEPLOYMENT_TARGET = 7.0;
				SDKROOT = iphoneos;
				VALIDATE_PRODUCT = YES;
			};
			name = Release;
		};
		8BBC81D318802D1C004E9883 /* Debug */ = {
			isa = XCBuildConfiguration;
			baseConfigurationReference = F79C20440C2A4E2F8FA7DFE6 /* Pods.xcconfig */;
			buildSettings = {
				ASSETCATALOG_COMPILER_APPICON_NAME = AppIcon;
				ASSETCATALOG_COMPILER_LAUNCHIMAGE_NAME = LaunchImage;
				FRAMEWORK_SEARCH_PATHS = (
					"$(inherited)",
					/Users/Lea/GitHub/Remember,
				);
				GCC_PRECOMPILE_PREFIX_HEADER = YES;
				GCC_PREFIX_HEADER = "Remember/Remember-Prefix.pch";
				INFOPLIST_FILE = "Remember/Remember-Info.plist";
				OTHER_LDFLAGS = "";
				PRODUCT_NAME = "$(TARGET_NAME)";
				WRAPPER_EXTENSION = app;
			};
			name = Debug;
		};
		8BBC81D418802D1C004E9883 /* Release */ = {
			isa = XCBuildConfiguration;
			baseConfigurationReference = F79C20440C2A4E2F8FA7DFE6 /* Pods.xcconfig */;
			buildSettings = {
				ASSETCATALOG_COMPILER_APPICON_NAME = AppIcon;
				ASSETCATALOG_COMPILER_LAUNCHIMAGE_NAME = LaunchImage;
				FRAMEWORK_SEARCH_PATHS = (
					"$(inherited)",
					/Users/Lea/GitHub/Remember,
				);
				GCC_PRECOMPILE_PREFIX_HEADER = YES;
				GCC_PREFIX_HEADER = "Remember/Remember-Prefix.pch";
				INFOPLIST_FILE = "Remember/Remember-Info.plist";
				OTHER_LDFLAGS = "";
				PRODUCT_NAME = "$(TARGET_NAME)";
				WRAPPER_EXTENSION = app;
			};
			name = Release;
		};
		8BBC81D618802D1C004E9883 /* Debug */ = {
			isa = XCBuildConfiguration;
			buildSettings = {
				ARCHS = "$(ARCHS_STANDARD_INCLUDING_64_BIT)";
				BUNDLE_LOADER = "$(BUILT_PRODUCTS_DIR)/Remember.app/Remember";
				FRAMEWORK_SEARCH_PATHS = (
					"$(SDKROOT)/Developer/Library/Frameworks",
					"$(inherited)",
					"$(DEVELOPER_FRAMEWORKS_DIR)",
				);
				GCC_PRECOMPILE_PREFIX_HEADER = YES;
				GCC_PREFIX_HEADER = "Remember/Remember-Prefix.pch";
				GCC_PREPROCESSOR_DEFINITIONS = (
					"DEBUG=1",
					"$(inherited)",
				);
				INFOPLIST_FILE = "RememberTests/RememberTests-Info.plist";
				PRODUCT_NAME = "$(TARGET_NAME)";
				TEST_HOST = "$(BUNDLE_LOADER)";
				WRAPPER_EXTENSION = xctest;
			};
			name = Debug;
		};
		8BBC81D718802D1C004E9883 /* Release */ = {
			isa = XCBuildConfiguration;
			buildSettings = {
				ARCHS = "$(ARCHS_STANDARD_INCLUDING_64_BIT)";
				BUNDLE_LOADER = "$(BUILT_PRODUCTS_DIR)/Remember.app/Remember";
				FRAMEWORK_SEARCH_PATHS = (
					"$(SDKROOT)/Developer/Library/Frameworks",
					"$(inherited)",
					"$(DEVELOPER_FRAMEWORKS_DIR)",
				);
				GCC_PRECOMPILE_PREFIX_HEADER = YES;
				GCC_PREFIX_HEADER = "Remember/Remember-Prefix.pch";
				INFOPLIST_FILE = "RememberTests/RememberTests-Info.plist";
				PRODUCT_NAME = "$(TARGET_NAME)";
				TEST_HOST = "$(BUNDLE_LOADER)";
				WRAPPER_EXTENSION = xctest;
			};
			name = Release;
		};
/* End XCBuildConfiguration section */

/* Begin XCConfigurationList section */
		8BBC819B18802D1C004E9883 /* Build configuration list for PBXProject "Remember" */ = {
			isa = XCConfigurationList;
			buildConfigurations = (
				8BBC81D018802D1C004E9883 /* Debug */,
				8BBC81D118802D1C004E9883 /* Release */,
			);
			defaultConfigurationIsVisible = 0;
			defaultConfigurationName = Release;
		};
		8BBC81D218802D1C004E9883 /* Build configuration list for PBXNativeTarget "Remember" */ = {
			isa = XCConfigurationList;
			buildConfigurations = (
				8BBC81D318802D1C004E9883 /* Debug */,
				8BBC81D418802D1C004E9883 /* Release */,
			);
			defaultConfigurationIsVisible = 0;
			defaultConfigurationName = Release;
		};
		8BBC81D518802D1C004E9883 /* Build configuration list for PBXNativeTarget "RememberTests" */ = {
			isa = XCConfigurationList;
			buildConfigurations = (
				8BBC81D618802D1C004E9883 /* Debug */,
				8BBC81D718802D1C004E9883 /* Release */,
			);
			defaultConfigurationIsVisible = 0;
			defaultConfigurationName = Release;
		};
/* End XCConfigurationList section */

/* Begin XCVersionGroup section */
		8BBC81E81882A87A004E9883 /* Model.xcdatamodeld */ = {
			isa = XCVersionGroup;
			children = (
				8BBC81E91882A87A004E9883 /* Model.xcdatamodel */,
			);
			currentVersion = 8BBC81E91882A87A004E9883 /* Model.xcdatamodel */;
			name = Model.xcdatamodeld;
			path = ../Model.xcdatamodeld;
			sourceTree = "<group>";
			versionGroupType = wrapper.xcdatamodel;
		};
/* End XCVersionGroup section */
	};
	rootObject = 8BBC819818802D1C004E9883 /* Project object */;
}
